
Microsoft Visual Studio Solution File, Format Version 12.00
# Visual Studio Version 17
VisualStudioVersion = 17.2.32210.308
MinimumVisualStudioVersion = 10.0.40219.1
Project("{2150E333-8FDC-42A3-9474-1A3956D46DE8}") = "src", "src", "{212853B2-8D13-4301-BF65-09861E943FE1}"
EndProject
Project("{9A19103F-16F7-4668-BE54-9A1E7A4F7556}") = "EasyWeb.Core", "src\EasyWeb.Core\EasyWeb.Core.csproj", "{ED1975A7-3211-4D10-A05D-057DDB28DB39}"
EndProject
Project("{FAE04EC0-301F-11D3-BF4B-00C04F79EFBC}") = "EasyWeb.AspNetCore", "src\EasyWeb.AspNetCore\EasyWeb.AspNetCore.csproj", "{0FB294C1-BC53-453E-AA20-F011C9CE768C}"
EndProject
Project("{FAE04EC0-301F-11D3-BF4B-00C04F79EFBC}") = "EasyWeb.AspNetCore.Filters", "src\EasyWeb.AspNetCore.Filters\EasyWeb.AspNetCore.Filters.csproj", "{02CC6785-5011-41B3-8C9E-846E2C231E10}"
EndProject
Project("{FAE04EC0-301F-11D3-BF4B-00C04F79EFBC}") = "EasyWeb.AspNetCore.ApiStandarts", "src\EasyWeb.AspNetCore.ApiStandarts\EasyWeb.AspNetCore.ApiStandarts.csproj", "{DDDF38F1-B90B-473D-B4FC-3F13C8437326}"
EndProject
Project("{FAE04EC0-301F-11D3-BF4B-00C04F79EFBC}") = "EasyWeb.AspNetCore.Swagger", "src\EasyWeb.AspNetCore.Swagger\EasyWeb.AspNetCore.Swagger.csproj", "{25A02C1E-90BE-4F6E-8756-6A8985F1D90D}"
EndProject
Project("{2150E333-8FDC-42A3-9474-1A3956D46DE8}") = "Solution Items", "Solution Items", "{03E45719-B996-4BAF-8B9B-88C13B5BA67D}"
	ProjectSection(SolutionItems) = preProject
		common.props = common.props
		README.md = README.md
	EndProjectSection
EndProject
Project("{2150E333-8FDC-42A3-9474-1A3956D46DE8}") = "sample", "sample", "{ADD08784-4683-401A-B2E0-86D3C190E4AD}"
EndProject
Project("{FAE04EC0-301F-11D3-BF4B-00C04F79EFBC}") = "EasyWeb.Demo", "sample\EasyWeb.Demo\EasyWeb.Demo.csproj", "{2E11CC27-29B2-4BE9-9463-447ED97D2909}"
EndProject
Global
	GlobalSection(SolutionConfigurationPlatforms) = preSolution
		Debug|Any CPU = Debug|Any CPU
		Release|Any CPU = Release|Any CPU
	EndGlobalSection
	GlobalSection(ProjectConfigurationPlatforms) = postSolution
		{ED1975A7-3211-4D10-A05D-057DDB28DB39}.Debug|Any CPU.ActiveCfg = Debug|Any CPU
		{ED1975A7-3211-4D10-A05D-057DDB28DB39}.Debug|Any CPU.Build.0 = Debug|Any CPU
		{ED1975A7-3211-4D10-A05D-057DDB28DB39}.Release|Any CPU.ActiveCfg = Release|Any CPU
		{ED1975A7-3211-4D10-A05D-057DDB28DB39}.Release|Any CPU.Build.0 = Release|Any CPU
		{0FB294C1-BC53-453E-AA20-F011C9CE768C}.Debug|Any CPU.ActiveCfg = Debug|Any CPU
		{0FB294C1-BC53-453E-AA20-F011C9CE768C}.Debug|Any CPU.Build.0 = Debug|Any CPU
		{0FB294C1-BC53-453E-AA20-F011C9CE768C}.Release|Any CPU.ActiveCfg = Release|Any CPU
		{0FB294C1-BC53-453E-AA20-F011C9CE768C}.Release|Any CPU.Build.0 = Release|Any CPU
		{02CC6785-5011-41B3-8C9E-846E2C231E10}.Debug|Any CPU.ActiveCfg = Debug|Any CPU
		{02CC6785-5011-41B3-8C9E-846E2C231E10}.Debug|Any CPU.Build.0 = Debug|Any CPU
		{02CC6785-5011-41B3-8C9E-846E2C231E10}.Release|Any CPU.ActiveCfg = Release|Any CPU
		{02CC6785-5011-41B3-8C9E-846E2C231E10}.Release|Any CPU.Build.0 = Release|Any CPU
		{DDDF38F1-B90B-473D-B4FC-3F13C8437326}.Debug|Any CPU.ActiveCfg = Debug|Any CPU
		{DDDF38F1-B90B-473D-B4FC-3F13C8437326}.Debug|Any CPU.Build.0 = Debug|Any CPU
		{DDDF38F1-B90B-473D-B4FC-3F13C8437326}.Release|Any CPU.ActiveCfg = Release|Any CPU
		{DDDF38F1-B90B-473D-B4FC-3F13C8437326}.Release|Any CPU.Build.0 = Release|Any CPU
		{25A02C1E-90BE-4F6E-8756-6A8985F1D90D}.Debug|Any CPU.ActiveCfg = Debug|Any CPU
		{25A02C1E-90BE-4F6E-8756-6A8985F1D90D}.Debug|Any CPU.Build.0 = Debug|Any CPU
		{25A02C1E-90BE-4F6E-8756-6A8985F1D90D}.Release|Any CPU.ActiveCfg = Release|Any CPU
		{25A02C1E-90BE-4F6E-8756-6A8985F1D90D}.Release|Any CPU.Build.0 = Release|Any CPU
		{2E11CC27-29B2-4BE9-9463-447ED97D2909}.Debug|Any CPU.ActiveCfg = Debug|Any CPU
		{2E11CC27-29B2-4BE9-9463-447ED97D2909}.Debug|Any CPU.Build.0 = Debug|Any CPU
		{2E11CC27-29B2-4BE9-9463-447ED97D2909}.Release|Any CPU.ActiveCfg = Release|Any CPU
		{2E11CC27-29B2-4BE9-9463-447ED97D2909}.Release|Any CPU.Build.0 = Release|Any CPU
	EndGlobalSection
	GlobalSection(SolutionProperties) = preSolution
		HideSolutionNode = FALSE
	EndGlobalSection
	GlobalSection(NestedProjects) = preSolution
		{ED1975A7-3211-4D10-A05D-057DDB28DB39} = {212853B2-8D13-4301-BF65-09861E943FE1}
		{0FB294C1-BC53-453E-AA20-F011C9CE768C} = {212853B2-8D13-4301-BF65-09861E943FE1}
		{02CC6785-5011-41B3-8C9E-846E2C231E10} = {212853B2-8D13-4301-BF65-09861E943FE1}
		{DDDF38F1-B90B-473D-B4FC-3F13C8437326} = {212853B2-8D13-4301-BF65-09861E943FE1}
		{25A02C1E-90BE-4F6E-8756-6A8985F1D90D} = {212853B2-8D13-4301-BF65-09861E943FE1}
		{2E11CC27-29B2-4BE9-9463-447ED97D2909} = {ADD08784-4683-401A-B2E0-86D3C190E4AD}
	EndGlobalSection
	GlobalSection(ExtensibilityGlobals) = postSolution
		SolutionGuid = {450CA51F-C268-4F80-9056-8C46587FEEA2}
	EndGlobalSection
EndGlobal
